# This file is automatically @generated by Cargo.
# It is not intended for manual editing.
[[package]]
name = "next-gen-networking"
version = "0.1.0"
dependencies = [
 "tokio",
]

[[package]]
name = "pin-project-lite"
version = "0.1.11"
source = "registry+https://github.com/rust-lang/crates.io-index"
checksum = "c917123afa01924fc84bb20c4c03f004d9c38e5127e3c039bbf7f4b9c76a2f6b"

[[package]]
name = "tokio"
version = "0.3.1"
source = "registry+https://github.com/rust-lang/crates.io-index"
checksum = "1911a203c5c240fd237e23a42e48846475f3d3b1e1dad3f17e6cc17a775b707c"
dependencies = [
 "pin-project-lite",
]
